// !$*UTF8*$!
{
	archiveVersion = 1;
	classes = {
	};
	objectVersion = 55;
	objects = {

/* Begin PBXBuildFile section */
		0D24CFADE4CDBE5DC97AC78D /* Pods_Towy.framework in Frameworks */ = {isa = PBXBuildFile; fileRef = 7A9E83E5C11D2ECDCC748606 /* Pods_Towy.framework */; };
		3D0649642893EEFB00720F69 /* PhotoSliderView.swift in Sources */ = {isa = PBXBuildFile; fileRef = 3D0649632893EEFB00720F69 /* PhotoSliderView.swift */; };
		3D0649682893EF3F00720F69 /* PhotoSliderView.xib in Resources */ = {isa = PBXBuildFile; fileRef = 3D0649672893EF3F00720F69 /* PhotoSliderView.xib */; };
		3D06496D2893F2F900720F69 /* DashboardCVCell.swift in Sources */ = {isa = PBXBuildFile; fileRef = 3D06496B2893F2F900720F69 /* DashboardCVCell.swift */; };
		3D06496E2893F2F900720F69 /* DashboardCVCell.xib in Resources */ = {isa = PBXBuildFile; fileRef = 3D06496C2893F2F900720F69 /* DashboardCVCell.xib */; };
		3D0649712893F36100720F69 /* HomeVM.swift in Sources */ = {isa = PBXBuildFile; fileRef = 3D0649702893F36100720F69 /* HomeVM.swift */; };
		3D06497328940B5A00720F69 /* AccountTBCell.swift in Sources */ = {isa = PBXBuildFile; fileRef = 3D06497228940B5A00720F69 /* AccountTBCell.swift */; };
		3D10AF8928994491005EE541 /* SearchLocationVC.swift in Sources */ = {isa = PBXBuildFile; fileRef = 3D10AF8828994491005EE541 /* SearchLocationVC.swift */; };
		3D10AF8C28994BFE005EE541 /* PlacesTBCell.swift in Sources */ = {isa = PBXBuildFile; fileRef = 3D10AF8A28994BFE005EE541 /* PlacesTBCell.swift */; };
		3D10AF8D28994BFE005EE541 /* PlacesTBCell.xib in Resources */ = {isa = PBXBuildFile; fileRef = 3D10AF8B28994BFE005EE541 /* PlacesTBCell.xib */; };
		3D10AF90289952AA005EE541 /* GoogleApiHelper.swift in Sources */ = {isa = PBXBuildFile; fileRef = 3D10AF8F289952AA005EE541 /* GoogleApiHelper.swift */; };
		3D216678288496AE005A108B /* EnterEmailVM.swift in Sources */ = {isa = PBXBuildFile; fileRef = 3D216677288496AE005A108B /* EnterEmailVM.swift */; };
		3D21667A2884A295005A108B /* EnterPasswordVM.swift in Sources */ = {isa = PBXBuildFile; fileRef = 3D2166792884A295005A108B /* EnterPasswordVM.swift */; };
		3D21667C2884A89C005A108B /* RegisterModel.swift in Sources */ = {isa = PBXBuildFile; fileRef = 3D21667B2884A89C005A108B /* RegisterModel.swift */; };
		3D21667E288567DE005A108B /* SocialUserModel.swift in Sources */ = {isa = PBXBuildFile; fileRef = 3D21667D288567DE005A108B /* SocialUserModel.swift */; };
		3D2A638228757246007F7E29 /* CustomLoader.swift in Sources */ = {isa = PBXBuildFile; fileRef = 3D2A638128757246007F7E29 /* CustomLoader.swift */; };
		3D2A638B28759676007F7E29 /* EnterOTPVM.swift in Sources */ = {isa = PBXBuildFile; fileRef = 3D2A638A28759676007F7E29 /* EnterOTPVM.swift */; };
		3D2AE70F28C719F7001B8254 /* StripeModel.swift in Sources */ = {isa = PBXBuildFile; fileRef = 3D2AE70E28C719F6001B8254 /* StripeModel.swift */; };
		3D2AE71128C721FE001B8254 /* BookingCreatedModel.swift in Sources */ = {isa = PBXBuildFile; fileRef = 3D2AE71028C721FD001B8254 /* BookingCreatedModel.swift */; };
		3D2AE71328C72FF3001B8254 /* NewRideModel.swift in Sources */ = {isa = PBXBuildFile; fileRef = 3D2AE71228C72FF3001B8254 /* NewRideModel.swift */; };
		3D2AE71528C73093001B8254 /* NotificationsModel.swift in Sources */ = {isa = PBXBuildFile; fileRef = 3D2AE71428C73093001B8254 /* NotificationsModel.swift */; };
		3D2AE71828C732F9001B8254 /* ChatViewController.swift in Sources */ = {isa = PBXBuildFile; fileRef = 3D2AE71728C732F9001B8254 /* ChatViewController.swift */; };
		3D2AE71A28C73345001B8254 /* ChatModel.swift in Sources */ = {isa = PBXBuildFile; fileRef = 3D2AE71928C73345001B8254 /* ChatModel.swift */; };
		3D2AE72128C7596E001B8254 /* SenderTableViewCell.xib in Resources */ = {isa = PBXBuildFile; fileRef = 3D2AE71D28C7596D001B8254 /* SenderTableViewCell.xib */; };
		3D2AE72228C7596E001B8254 /* ReceiverTableViewCell.swift in Sources */ = {isa = PBXBuildFile; fileRef = 3D2AE71E28C7596D001B8254 /* ReceiverTableViewCell.swift */; };
		3D2AE72328C7596E001B8254 /* ReceiverTableViewCell.xib in Resources */ = {isa = PBXBuildFile; fileRef = 3D2AE71F28C7596E001B8254 /* ReceiverTableViewCell.xib */; };
		3D2AE72428C7596E001B8254 /* SenderTableViewCell.swift in Sources */ = {isa = PBXBuildFile; fileRef = 3D2AE72028C7596E001B8254 /* SenderTableViewCell.swift */; };
		3D318BCD28631B62002E4960 /* UberMoveTextLight.otf in Resources */ = {isa = PBXBuildFile; fileRef = 3D318BC928631B62002E4960 /* UberMoveTextLight.otf */; };
		3D318BCE28631B62002E4960 /* UberMoveTextRegular.otf in Resources */ = {isa = PBXBuildFile; fileRef = 3D318BCA28631B62002E4960 /* UberMoveTextRegular.otf */; };
		3D318BD028631B62002E4960 /* UberMoveTextMedium.otf in Resources */ = {isa = PBXBuildFile; fileRef = 3D318BCC28631B62002E4960 /* UberMoveTextMedium.otf */; };
		3D318BD228633113002E4960 /* Maps.storyboard in Resources */ = {isa = PBXBuildFile; fileRef = 3D318BD128633113002E4960 /* Maps.storyboard */; };
		3D318BD4286331D3002E4960 /* Constans.swift in Sources */ = {isa = PBXBuildFile; fileRef = 3D318BD3286331D3002E4960 /* Constans.swift */; };
		3D318BD6286335B8002E4960 /* CustomLabel.swift in Sources */ = {isa = PBXBuildFile; fileRef = 3D318BD5286335B8002E4960 /* CustomLabel.swift */; };
		3D318BD8286341C0002E4960 /* CustomButton.swift in Sources */ = {isa = PBXBuildFile; fileRef = 3D318BD7286341C0002E4960 /* CustomButton.swift */; };
		3D318BD928638C30002E4960 /* UberMoveTextBold.otf in Resources */ = {isa = PBXBuildFile; fileRef = 3D318BCB28631B62002E4960 /* UberMoveTextBold.otf */; };
		3D4B1169289A53530034FEF8 /* NewDashBoardCVCell.swift in Sources */ = {isa = PBXBuildFile; fileRef = 3D4B1167289A53530034FEF8 /* NewDashBoardCVCell.swift */; };
		3D4B116A289A53530034FEF8 /* NewDashBoardCVCell.xib in Resources */ = {isa = PBXBuildFile; fileRef = 3D4B1168289A53530034FEF8 /* NewDashBoardCVCell.xib */; };
		3D4B116C289A77000034FEF8 /* AccountModel.swift in Sources */ = {isa = PBXBuildFile; fileRef = 3D4B116B289A77000034FEF8 /* AccountModel.swift */; };
		3D4B1170289A77900034FEF8 /* AccountVM.swift in Sources */ = {isa = PBXBuildFile; fileRef = 3D4B116F289A77900034FEF8 /* AccountVM.swift */; };
		3D523DA3287F5F760034D011 /* initialVC.swift in Sources */ = {isa = PBXBuildFile; fileRef = 3D523DA2287F5F750034D011 /* initialVC.swift */; };
		3D59818428607ADA0034AB47 /* AppDelegate.swift in Sources */ = {isa = PBXBuildFile; fileRef = 3D59818328607ADA0034AB47 /* AppDelegate.swift */; };
		3D59818828607ADA0034AB47 /* LoginVC.swift in Sources */ = {isa = PBXBuildFile; fileRef = 3D59818728607ADA0034AB47 /* LoginVC.swift */; };
		3D59818B28607ADA0034AB47 /* Main.storyboard in Resources */ = {isa = PBXBuildFile; fileRef = 3D59818928607ADA0034AB47 /* Main.storyboard */; };
		3D59818D28607ADB0034AB47 /* Assets.xcassets in Resources */ = {isa = PBXBuildFile; fileRef = 3D59818C28607ADB0034AB47 /* Assets.xcassets */; };
		3D59819028607ADB0034AB47 /* LaunchScreen.storyboard in Resources */ = {isa = PBXBuildFile; fileRef = 3D59818E28607ADB0034AB47 /* LaunchScreen.storyboard */; };
		3D5981A6286087810034AB47 /* Roboto-ThinItalic.ttf in Resources */ = {isa = PBXBuildFile; fileRef = 3D59819A286087810034AB47 /* Roboto-ThinItalic.ttf */; };
		3D5981A7286087810034AB47 /* Roboto-Thin.ttf in Resources */ = {isa = PBXBuildFile; fileRef = 3D59819B286087810034AB47 /* Roboto-Thin.ttf */; };
		3D5981A8286087810034AB47 /* Roboto-Italic.ttf in Resources */ = {isa = PBXBuildFile; fileRef = 3D59819C286087810034AB47 /* Roboto-Italic.ttf */; };
		3D5981A9286087810034AB47 /* Roboto-LightItalic.ttf in Resources */ = {isa = PBXBuildFile; fileRef = 3D59819D286087810034AB47 /* Roboto-LightItalic.ttf */; };
		3D5981AA286087810034AB47 /* Roboto-Black.ttf in Resources */ = {isa = PBXBuildFile; fileRef = 3D59819E286087810034AB47 /* Roboto-Black.ttf */; };
		3D5981AB286087810034AB47 /* Roboto-Medium.ttf in Resources */ = {isa = PBXBuildFile; fileRef = 3D59819F286087810034AB47 /* Roboto-Medium.ttf */; };
		3D5981AC286087810034AB47 /* Roboto-BoldItalic.ttf in Resources */ = {isa = PBXBuildFile; fileRef = 3D5981A0286087810034AB47 /* Roboto-BoldItalic.ttf */; };
		3D5981AD286087810034AB47 /* Roboto-Bold.ttf in Resources */ = {isa = PBXBuildFile; fileRef = 3D5981A1286087810034AB47 /* Roboto-Bold.ttf */; };
		3D5981AE286087810034AB47 /* Roboto-BlackItalic.ttf in Resources */ = {isa = PBXBuildFile; fileRef = 3D5981A2286087810034AB47 /* Roboto-BlackItalic.ttf */; };
		3D5981AF286087810034AB47 /* Roboto-Light.ttf in Resources */ = {isa = PBXBuildFile; fileRef = 3D5981A3286087810034AB47 /* Roboto-Light.ttf */; };
		3D5981B0286087810034AB47 /* Roboto-MediumItalic.ttf in Resources */ = {isa = PBXBuildFile; fileRef = 3D5981A4286087810034AB47 /* Roboto-MediumItalic.ttf */; };
		3D5981B1286087810034AB47 /* Roboto-Regular.ttf in Resources */ = {isa = PBXBuildFile; fileRef = 3D5981A5286087810034AB47 /* Roboto-Regular.ttf */; };
		3D5981B4286090FB0034AB47 /* AnimationView.swift in Sources */ = {isa = PBXBuildFile; fileRef = 3D5981B3286090FB0034AB47 /* AnimationView.swift */; };
		3D5981B82860D4A00034AB47 /* LoginVM.swift in Sources */ = {isa = PBXBuildFile; fileRef = 3D5981B72860D4A00034AB47 /* LoginVM.swift */; };
		3D5981BC2860DB7D0034AB47 /* EnterOTPVC.swift in Sources */ = {isa = PBXBuildFile; fileRef = 3D5981BB2860DB7D0034AB47 /* EnterOTPVC.swift */; };
		3D5981BE2860DB900034AB47 /* EnterPasswordVC.swift in Sources */ = {isa = PBXBuildFile; fileRef = 3D5981BD2860DB900034AB47 /* EnterPasswordVC.swift */; };
		3D5981C02860DBB40034AB47 /* EnterDetailVC.swift in Sources */ = {isa = PBXBuildFile; fileRef = 3D5981BF2860DBB40034AB47 /* EnterDetailVC.swift */; };
		3D5981C32860DD140034AB47 /* UtilitiesManager.swift in Sources */ = {isa = PBXBuildFile; fileRef = 3D5981C22860DD140034AB47 /* UtilitiesManager.swift */; };
		3D5981C52860E1060034AB47 /* AllExtensions.swift in Sources */ = {isa = PBXBuildFile; fileRef = 3D5981C42860E1060034AB47 /* AllExtensions.swift */; };
		3D5981C72860E4B40034AB47 /* ControllerNavigation.swift in Sources */ = {isa = PBXBuildFile; fileRef = 3D5981C62860E4B40034AB47 /* ControllerNavigation.swift */; };
		3D7D912F28A6C0DA0089D4F8 /* LoginUserModel.swift in Sources */ = {isa = PBXBuildFile; fileRef = 3D7D912E28A6C0DA0089D4F8 /* LoginUserModel.swift */; };
		3D8635F6287839D3005BE92E /* EnterEmailVC.swift in Sources */ = {isa = PBXBuildFile; fileRef = 3D8635F5287839D3005BE92E /* EnterEmailVC.swift */; };
		3D8635F928783DEF005BE92E /* TermAndCondtionVC.swift in Sources */ = {isa = PBXBuildFile; fileRef = 3D8635F828783DEF005BE92E /* TermAndCondtionVC.swift */; };
		3D892FFC28A634FE006ACA03 /* MainTabBarController.swift in Sources */ = {isa = PBXBuildFile; fileRef = 3D892FFB28A634FE006ACA03 /* MainTabBarController.swift */; };
		3DA2828B28C655D400A2933F /* MainMapVC.swift in Sources */ = {isa = PBXBuildFile; fileRef = 3DA2828A28C655D400A2933F /* MainMapVC.swift */; };
		3DA2828D28C669D200A2933F /* DashboardModel.swift in Sources */ = {isa = PBXBuildFile; fileRef = 3DA2828C28C669D200A2933F /* DashboardModel.swift */; };
		3DA2828F28C685D800A2933F /* NearestDriverModel.swift in Sources */ = {isa = PBXBuildFile; fileRef = 3DA2828E28C685D800A2933F /* NearestDriverModel.swift */; };
		3DACB6A2287442920003E87A /* NetworkCall.swift in Sources */ = {isa = PBXBuildFile; fileRef = 3DACB6A1287442920003E87A /* NetworkCall.swift */; };
		3DACB6A4287450E90003E87A /* LoginModel.swift in Sources */ = {isa = PBXBuildFile; fileRef = 3DACB6A3287450E90003E87A /* LoginModel.swift */; };
		3DACB6A7287481820003E87A /* URLConstants.swift in Sources */ = {isa = PBXBuildFile; fileRef = 3DACB6A6287481820003E87A /* URLConstants.swift */; };
		3DB2BCCB289493B2007D0619 /* AccountSettingTBCell.swift in Sources */ = {isa = PBXBuildFile; fileRef = 3DB2BCC9289493B2007D0619 /* AccountSettingTBCell.swift */; };
		3DB2BCCC289493B2007D0619 /* AccountSettingTBCell.xib in Resources */ = {isa = PBXBuildFile; fileRef = 3DB2BCCA289493B2007D0619 /* AccountSettingTBCell.xib */; };
		3DB2BCCE28949545007D0619 /* EditAccountVC.swift in Sources */ = {isa = PBXBuildFile; fileRef = 3DB2BCCD28949545007D0619 /* EditAccountVC.swift */; };
		3DB2BCD1289497D9007D0619 /* HelpTBCell.swift in Sources */ = {isa = PBXBuildFile; fileRef = 3DB2BCCF289497D9007D0619 /* HelpTBCell.swift */; };
		3DB2BCD2289497D9007D0619 /* HelpTBCell.xib in Resources */ = {isa = PBXBuildFile; fileRef = 3DB2BCD0289497D9007D0619 /* HelpTBCell.xib */; };
		3DB2BCD4289498B6007D0619 /* HelpVC.swift in Sources */ = {isa = PBXBuildFile; fileRef = 3DB2BCD3289498B6007D0619 /* HelpVC.swift */; };
		3DB3F4FD286A1CFE00A21FC2 /* BaseVM.swift in Sources */ = {isa = PBXBuildFile; fileRef = 3DB3F4FC286A1CFE00A21FC2 /* BaseVM.swift */; };
		3DB3F500286A1DAB00A21FC2 /* AIReachabilityManager.swift in Sources */ = {isa = PBXBuildFile; fileRef = 3DB3F4FF286A1DAB00A21FC2 /* AIReachabilityManager.swift */; };
		3DB569E42861AEB900391001 /* Enums.swift in Sources */ = {isa = PBXBuildFile; fileRef = 3DB569E32861AEB900391001 /* Enums.swift */; };
		3DB7236728C6C3CE00503802 /* TowListModel.swift in Sources */ = {isa = PBXBuildFile; fileRef = 3DB7236628C6C3CD00503802 /* TowListModel.swift */; };
		3DB7236928C6C4B600503802 /* MainMapVM.swift in Sources */ = {isa = PBXBuildFile; fileRef = 3DB7236828C6C4B600503802 /* MainMapVM.swift */; };
		3DE9B5EE288829BD00FDC9A2 /* GoogleService-Info.plist in Resources */ = {isa = PBXBuildFile; fileRef = 3DE9B5ED288829BC00FDC9A2 /* GoogleService-Info.plist */; };
		3DEDC0F4287FE8E80051FAA0 /* NameConfirmationPopUpVC.swift in Sources */ = {isa = PBXBuildFile; fileRef = 3DEDC0F3287FE8E80051FAA0 /* NameConfirmationPopUpVC.swift */; };
		3DEDC0F6288029F90051FAA0 /* ResendCodePopUpVC.swift in Sources */ = {isa = PBXBuildFile; fileRef = 3DEDC0F5288029F90051FAA0 /* ResendCodePopUpVC.swift */; };
		3DEDC0F8288043610051FAA0 /* WelcomeVC.swift in Sources */ = {isa = PBXBuildFile; fileRef = 3DEDC0F7288043610051FAA0 /* WelcomeVC.swift */; };
		3DEDC0FA288044E70051FAA0 /* EnterDetailVM.swift in Sources */ = {isa = PBXBuildFile; fileRef = 3DEDC0F9288044E70051FAA0 /* EnterDetailVM.swift */; };
		CE23215F28B531DE00041CEC /* selectLocationVC.swift in Sources */ = {isa = PBXBuildFile; fileRef = CE23215E28B531DE00041CEC /* selectLocationVC.swift */; };
		CE7CA17B28A6E2A100F96152 /* WalletVC.swift in Sources */ = {isa = PBXBuildFile; fileRef = CE7CA17A28A6E2A100F96152 /* WalletVC.swift */; };
		CE8123112896B2BF0042B1D6 /* LocationVC.swift in Sources */ = {isa = PBXBuildFile; fileRef = CE8123102896B2BF0042B1D6 /* LocationVC.swift */; };
		CE81FB962890620200D60649 /* HomeVC.swift in Sources */ = {isa = PBXBuildFile; fileRef = CE81FB952890620200D60649 /* HomeVC.swift */; };
		CE81FB982890621A00D60649 /* AccountVC.swift in Sources */ = {isa = PBXBuildFile; fileRef = CE81FB972890621A00D60649 /* AccountVC.swift */; };
		CE89018228A522D0004D9BAB /* PaymentVC.swift in Sources */ = {isa = PBXBuildFile; fileRef = CE89018128A522D0004D9BAB /* PaymentVC.swift */; };
		CE9CE39728A7B53200866884 /* TowListTableViewCell.swift in Sources */ = {isa = PBXBuildFile; fileRef = CE9CE39528A7B53200866884 /* TowListTableViewCell.swift */; };
		CE9CE39828A7B53200866884 /* TowListTableViewCell.xib in Resources */ = {isa = PBXBuildFile; fileRef = CE9CE39628A7B53200866884 /* TowListTableViewCell.xib */; };
		CE9CE39A28A7B91500866884 /* ProfileModel.swift in Sources */ = {isa = PBXBuildFile; fileRef = CE9CE39928A7B91500866884 /* ProfileModel.swift */; };
		CE9CE39C28A7B95900866884 /* EditAccountVM.swift in Sources */ = {isa = PBXBuildFile; fileRef = CE9CE39B28A7B95900866884 /* EditAccountVM.swift */; };
/* End PBXBuildFile section */

/* Begin PBXFileReference section */
		3D0649632893EEFB00720F69 /* PhotoSliderView.swift */ = {isa = PBXFileReference; lastKnownFileType = sourcecode.swift; path = PhotoSliderView.swift; sourceTree = "<group>"; };
		3D0649672893EF3F00720F69 /* PhotoSliderView.xib */ = {isa = PBXFileReference; fileEncoding = 4; lastKnownFileType = file.xib; path = PhotoSliderView.xib; sourceTree = "<group>"; };
		3D06496B2893F2F900720F69 /* DashboardCVCell.swift */ = {isa = PBXFileReference; lastKnownFileType = sourcecode.swift; path = DashboardCVCell.swift; sourceTree = "<group>"; };
		3D06496C2893F2F900720F69 /* DashboardCVCell.xib */ = {isa = PBXFileReference; lastKnownFileType = file.xib; path = DashboardCVCell.xib; sourceTree = "<group>"; };
		3D0649702893F36100720F69 /* HomeVM.swift */ = {isa = PBXFileReference; lastKnownFileType = sourcecode.swift; path = HomeVM.swift; sourceTree = "<group>"; };
		3D06497228940B5A00720F69 /* AccountTBCell.swift */ = {isa = PBXFileReference; lastKnownFileType = sourcecode.swift; path = AccountTBCell.swift; sourceTree = "<group>"; };
		3D0CDC7C286DCB5F00F4BC2A /* Towy.entitlements */ = {isa = PBXFileReference; lastKnownFileType = text.plist.entitlements; path = Towy.entitlements; sourceTree = "<group>"; };
		3D10AF8828994491005EE541 /* SearchLocationVC.swift */ = {isa = PBXFileReference; lastKnownFileType = sourcecode.swift; path = SearchLocationVC.swift; sourceTree = "<group>"; };
		3D10AF8A28994BFE005EE541 /* PlacesTBCell.swift */ = {isa = PBXFileReference; lastKnownFileType = sourcecode.swift; path = PlacesTBCell.swift; sourceTree = "<group>"; };
		3D10AF8B28994BFE005EE541 /* PlacesTBCell.xib */ = {isa = PBXFileReference; lastKnownFileType = file.xib; path = PlacesTBCell.xib; sourceTree = "<group>"; };
		3D10AF8F289952AA005EE541 /* GoogleApiHelper.swift */ = {isa = PBXFileReference; lastKnownFileType = sourcecode.swift; path = GoogleApiHelper.swift; sourceTree = "<group>"; };
		3D216677288496AE005A108B /* EnterEmailVM.swift */ = {isa = PBXFileReference; lastKnownFileType = sourcecode.swift; path = EnterEmailVM.swift; sourceTree = "<group>"; };
		3D2166792884A295005A108B /* EnterPasswordVM.swift */ = {isa = PBXFileReference; lastKnownFileType = sourcecode.swift; path = EnterPasswordVM.swift; sourceTree = "<group>"; };
		3D21667B2884A89C005A108B /* RegisterModel.swift */ = {isa = PBXFileReference; lastKnownFileType = sourcecode.swift; path = RegisterModel.swift; sourceTree = "<group>"; };
		3D21667D288567DE005A108B /* SocialUserModel.swift */ = {isa = PBXFileReference; lastKnownFileType = sourcecode.swift; path = SocialUserModel.swift; sourceTree = "<group>"; };
		3D2A638128757246007F7E29 /* CustomLoader.swift */ = {isa = PBXFileReference; lastKnownFileType = sourcecode.swift; path = CustomLoader.swift; sourceTree = "<group>"; };
		3D2A638A28759676007F7E29 /* EnterOTPVM.swift */ = {isa = PBXFileReference; lastKnownFileType = sourcecode.swift; path = EnterOTPVM.swift; sourceTree = "<group>"; };
		3D2AE70E28C719F6001B8254 /* StripeModel.swift */ = {isa = PBXFileReference; lastKnownFileType = sourcecode.swift; path = StripeModel.swift; sourceTree = "<group>"; };
		3D2AE71028C721FD001B8254 /* BookingCreatedModel.swift */ = {isa = PBXFileReference; lastKnownFileType = sourcecode.swift; path = BookingCreatedModel.swift; sourceTree = "<group>"; };
		3D2AE71228C72FF3001B8254 /* NewRideModel.swift */ = {isa = PBXFileReference; lastKnownFileType = sourcecode.swift; path = NewRideModel.swift; sourceTree = "<group>"; };
		3D2AE71428C73093001B8254 /* NotificationsModel.swift */ = {isa = PBXFileReference; lastKnownFileType = sourcecode.swift; path = NotificationsModel.swift; sourceTree = "<group>"; };
		3D2AE71728C732F9001B8254 /* ChatViewController.swift */ = {isa = PBXFileReference; lastKnownFileType = sourcecode.swift; path = ChatViewController.swift; sourceTree = "<group>"; };
		3D2AE71928C73345001B8254 /* ChatModel.swift */ = {isa = PBXFileReference; lastKnownFileType = sourcecode.swift; path = ChatModel.swift; sourceTree = "<group>"; };
		3D2AE71D28C7596D001B8254 /* SenderTableViewCell.xib */ = {isa = PBXFileReference; fileEncoding = 4; lastKnownFileType = file.xib; path = SenderTableViewCell.xib; sourceTree = "<group>"; };
		3D2AE71E28C7596D001B8254 /* ReceiverTableViewCell.swift */ = {isa = PBXFileReference; fileEncoding = 4; lastKnownFileType = sourcecode.swift; path = ReceiverTableViewCell.swift; sourceTree = "<group>"; };
		3D2AE71F28C7596E001B8254 /* ReceiverTableViewCell.xib */ = {isa = PBXFileReference; fileEncoding = 4; lastKnownFileType = file.xib; path = ReceiverTableViewCell.xib; sourceTree = "<group>"; };
		3D2AE72028C7596E001B8254 /* SenderTableViewCell.swift */ = {isa = PBXFileReference; fileEncoding = 4; lastKnownFileType = sourcecode.swift; path = SenderTableViewCell.swift; sourceTree = "<group>"; };
		3D318BC928631B62002E4960 /* UberMoveTextLight.otf */ = {isa = PBXFileReference; lastKnownFileType = file; path = UberMoveTextLight.otf; sourceTree = "<group>"; };
		3D318BCA28631B62002E4960 /* UberMoveTextRegular.otf */ = {isa = PBXFileReference; lastKnownFileType = file; path = UberMoveTextRegular.otf; sourceTree = "<group>"; };
		3D318BCB28631B62002E4960 /* UberMoveTextBold.otf */ = {isa = PBXFileReference; lastKnownFileType = file; path = UberMoveTextBold.otf; sourceTree = "<group>"; };
		3D318BCC28631B62002E4960 /* UberMoveTextMedium.otf */ = {isa = PBXFileReference; lastKnownFileType = file; path = UberMoveTextMedium.otf; sourceTree = "<group>"; };
		3D318BD128633113002E4960 /* Maps.storyboard */ = {isa = PBXFileReference; lastKnownFileType = file.storyboard; path = Maps.storyboard; sourceTree = "<group>"; };
		3D318BD3286331D3002E4960 /* Constans.swift */ = {isa = PBXFileReference; lastKnownFileType = sourcecode.swift; path = Constans.swift; sourceTree = "<group>"; };
		3D318BD5286335B8002E4960 /* CustomLabel.swift */ = {isa = PBXFileReference; lastKnownFileType = sourcecode.swift; path = CustomLabel.swift; sourceTree = "<group>"; };
		3D318BD7286341C0002E4960 /* CustomButton.swift */ = {isa = PBXFileReference; lastKnownFileType = sourcecode.swift; path = CustomButton.swift; sourceTree = "<group>"; };
		3D4B1167289A53530034FEF8 /* NewDashBoardCVCell.swift */ = {isa = PBXFileReference; lastKnownFileType = sourcecode.swift; path = NewDashBoardCVCell.swift; sourceTree = "<group>"; };
		3D4B1168289A53530034FEF8 /* NewDashBoardCVCell.xib */ = {isa = PBXFileReference; lastKnownFileType = file.xib; path = NewDashBoardCVCell.xib; sourceTree = "<group>"; };
		3D4B116B289A77000034FEF8 /* AccountModel.swift */ = {isa = PBXFileReference; lastKnownFileType = sourcecode.swift; path = AccountModel.swift; sourceTree = "<group>"; };
		3D4B116F289A77900034FEF8 /* AccountVM.swift */ = {isa = PBXFileReference; lastKnownFileType = sourcecode.swift; path = AccountVM.swift; sourceTree = "<group>"; };
		3D523DA2287F5F750034D011 /* initialVC.swift */ = {isa = PBXFileReference; lastKnownFileType = sourcecode.swift; path = initialVC.swift; sourceTree = "<group>"; };
		3D59818028607ADA0034AB47 /* Towy.app */ = {isa = PBXFileReference; explicitFileType = wrapper.application; includeInIndex = 0; path = Towy.app; sourceTree = BUILT_PRODUCTS_DIR; };
		3D59818328607ADA0034AB47 /* AppDelegate.swift */ = {isa = PBXFileReference; lastKnownFileType = sourcecode.swift; path = AppDelegate.swift; sourceTree = "<group>"; };
		3D59818728607ADA0034AB47 /* LoginVC.swift */ = {isa = PBXFileReference; lastKnownFileType = sourcecode.swift; path = LoginVC.swift; sourceTree = "<group>"; };
		3D59818A28607ADA0034AB47 /* Base */ = {isa = PBXFileReference; lastKnownFileType = file.storyboard; name = Base; path = Base.lproj/Main.storyboard; sourceTree = "<group>"; };
		3D59818C28607ADB0034AB47 /* Assets.xcassets */ = {isa = PBXFileReference; lastKnownFileType = folder.assetcatalog; path = Assets.xcassets; sourceTree = "<group>"; };
		3D59818F28607ADB0034AB47 /* Base */ = {isa = PBXFileReference; lastKnownFileType = file.storyboard; name = Base; path = Base.lproj/LaunchScreen.storyboard; sourceTree = "<group>"; };
		3D59819128607ADB0034AB47 /* Info.plist */ = {isa = PBXFileReference; lastKnownFileType = text.plist.xml; path = Info.plist; sourceTree = "<group>"; };
		3D59819A286087810034AB47 /* Roboto-ThinItalic.ttf */ = {isa = PBXFileReference; lastKnownFileType = file; path = "Roboto-ThinItalic.ttf"; sourceTree = "<group>"; };
		3D59819B286087810034AB47 /* Roboto-Thin.ttf */ = {isa = PBXFileReference; lastKnownFileType = file; path = "Roboto-Thin.ttf"; sourceTree = "<group>"; };
		3D59819C286087810034AB47 /* Roboto-Italic.ttf */ = {isa = PBXFileReference; lastKnownFileType = file; path = "Roboto-Italic.ttf"; sourceTree = "<group>"; };
		3D59819D286087810034AB47 /* Roboto-LightItalic.ttf */ = {isa = PBXFileReference; lastKnownFileType = file; path = "Roboto-LightItalic.ttf"; sourceTree = "<group>"; };
		3D59819E286087810034AB47 /* Roboto-Black.ttf */ = {isa = PBXFileReference; lastKnownFileType = file; path = "Roboto-Black.ttf"; sourceTree = "<group>"; };
		3D59819F286087810034AB47 /* Roboto-Medium.ttf */ = {isa = PBXFileReference; lastKnownFileType = file; path = "Roboto-Medium.ttf"; sourceTree = "<group>"; };
		3D5981A0286087810034AB47 /* Roboto-BoldItalic.ttf */ = {isa = PBXFileReference; lastKnownFileType = file; path = "Roboto-BoldItalic.ttf"; sourceTree = "<group>"; };
		3D5981A1286087810034AB47 /* Roboto-Bold.ttf */ = {isa = PBXFileReference; lastKnownFileType = file; path = "Roboto-Bold.ttf"; sourceTree = "<group>"; };
		3D5981A2286087810034AB47 /* Roboto-BlackItalic.ttf */ = {isa = PBXFileReference; lastKnownFileType = file; path = "Roboto-BlackItalic.ttf"; sourceTree = "<group>"; };
		3D5981A3286087810034AB47 /* Roboto-Light.ttf */ = {isa = PBXFileReference; lastKnownFileType = file; path = "Roboto-Light.ttf"; sourceTree = "<group>"; };
		3D5981A4286087810034AB47 /* Roboto-MediumItalic.ttf */ = {isa = PBXFileReference; lastKnownFileType = file; path = "Roboto-MediumItalic.ttf"; sourceTree = "<group>"; };
		3D5981A5286087810034AB47 /* Roboto-Regular.ttf */ = {isa = PBXFileReference; lastKnownFileType = file; path = "Roboto-Regular.ttf"; sourceTree = "<group>"; };
		3D5981B3286090FB0034AB47 /* AnimationView.swift */ = {isa = PBXFileReference; lastKnownFileType = sourcecode.swift; path = AnimationView.swift; sourceTree = "<group>"; };
		3D5981B72860D4A00034AB47 /* LoginVM.swift */ = {isa = PBXFileReference; lastKnownFileType = sourcecode.swift; path = LoginVM.swift; sourceTree = "<group>"; };
		3D5981BB2860DB7D0034AB47 /* EnterOTPVC.swift */ = {isa = PBXFileReference; lastKnownFileType = sourcecode.swift; path = EnterOTPVC.swift; sourceTree = "<group>"; };
		3D5981BD2860DB900034AB47 /* EnterPasswordVC.swift */ = {isa = PBXFileReference; lastKnownFileType = sourcecode.swift; path = EnterPasswordVC.swift; sourceTree = "<group>"; };
		3D5981BF2860DBB40034AB47 /* EnterDetailVC.swift */ = {isa = PBXFileReference; lastKnownFileType = sourcecode.swift; path = EnterDetailVC.swift; sourceTree = "<group>"; };
		3D5981C22860DD140034AB47 /* UtilitiesManager.swift */ = {isa = PBXFileReference; lastKnownFileType = sourcecode.swift; path = UtilitiesManager.swift; sourceTree = "<group>"; };
		3D5981C42860E1060034AB47 /* AllExtensions.swift */ = {isa = PBXFileReference; lastKnownFileType = sourcecode.swift; path = AllExtensions.swift; sourceTree = "<group>"; };
		3D5981C62860E4B40034AB47 /* ControllerNavigation.swift */ = {isa = PBXFileReference; lastKnownFileType = sourcecode.swift; path = ControllerNavigation.swift; sourceTree = "<group>"; };
		3D7D912E28A6C0DA0089D4F8 /* LoginUserModel.swift */ = {isa = PBXFileReference; lastKnownFileType = sourcecode.swift; path = LoginUserModel.swift; sourceTree = "<group>"; };
		3D8635F5287839D3005BE92E /* EnterEmailVC.swift */ = {isa = PBXFileReference; lastKnownFileType = sourcecode.swift; path = EnterEmailVC.swift; sourceTree = "<group>"; };
		3D8635F828783DEF005BE92E /* TermAndCondtionVC.swift */ = {isa = PBXFileReference; lastKnownFileType = sourcecode.swift; path = TermAndCondtionVC.swift; sourceTree = "<group>"; };
		3D892FFB28A634FE006ACA03 /* MainTabBarController.swift */ = {isa = PBXFileReference; lastKnownFileType = sourcecode.swift; path = MainTabBarController.swift; sourceTree = "<group>"; };
		3DA2828A28C655D400A2933F /* MainMapVC.swift */ = {isa = PBXFileReference; lastKnownFileType = sourcecode.swift; path = MainMapVC.swift; sourceTree = "<group>"; };
		3DA2828C28C669D200A2933F /* DashboardModel.swift */ = {isa = PBXFileReference; lastKnownFileType = sourcecode.swift; path = DashboardModel.swift; sourceTree = "<group>"; };
		3DA2828E28C685D800A2933F /* NearestDriverModel.swift */ = {isa = PBXFileReference; lastKnownFileType = sourcecode.swift; path = NearestDriverModel.swift; sourceTree = "<group>"; };
		3DACB6A1287442920003E87A /* NetworkCall.swift */ = {isa = PBXFileReference; lastKnownFileType = sourcecode.swift; path = NetworkCall.swift; sourceTree = "<group>"; };
		3DACB6A3287450E90003E87A /* LoginModel.swift */ = {isa = PBXFileReference; lastKnownFileType = sourcecode.swift; path = LoginModel.swift; sourceTree = "<group>"; };
		3DACB6A6287481820003E87A /* URLConstants.swift */ = {isa = PBXFileReference; lastKnownFileType = sourcecode.swift; path = URLConstants.swift; sourceTree = "<group>"; };
		3DB2BCC9289493B2007D0619 /* AccountSettingTBCell.swift */ = {isa = PBXFileReference; lastKnownFileType = sourcecode.swift; path = AccountSettingTBCell.swift; sourceTree = "<group>"; };
		3DB2BCCA289493B2007D0619 /* AccountSettingTBCell.xib */ = {isa = PBXFileReference; lastKnownFileType = file.xib; path = AccountSettingTBCell.xib; sourceTree = "<group>"; };
		3DB2BCCD28949545007D0619 /* EditAccountVC.swift */ = {isa = PBXFileReference; lastKnownFileType = sourcecode.swift; path = EditAccountVC.swift; sourceTree = "<group>"; };
		3DB2BCCF289497D9007D0619 /* HelpTBCell.swift */ = {isa = PBXFileReference; lastKnownFileType = sourcecode.swift; path = HelpTBCell.swift; sourceTree = "<group>"; };
		3DB2BCD0289497D9007D0619 /* HelpTBCell.xib */ = {isa = PBXFileReference; lastKnownFileType = file.xib; path = HelpTBCell.xib; sourceTree = "<group>"; };
		3DB2BCD3289498B6007D0619 /* HelpVC.swift */ = {isa = PBXFileReference; lastKnownFileType = sourcecode.swift; path = HelpVC.swift; sourceTree = "<group>"; };
		3DB3F4FC286A1CFE00A21FC2 /* BaseVM.swift */ = {isa = PBXFileReference; lastKnownFileType = sourcecode.swift; path = BaseVM.swift; sourceTree = "<group>"; };
		3DB3F4FF286A1DAB00A21FC2 /* AIReachabilityManager.swift */ = {isa = PBXFileReference; lastKnownFileType = sourcecode.swift; path = AIReachabilityManager.swift; sourceTree = "<group>"; };
		3DB569E32861AEB900391001 /* Enums.swift */ = {isa = PBXFileReference; lastKnownFileType = sourcecode.swift; path = Enums.swift; sourceTree = "<group>"; };
		3DB7236628C6C3CD00503802 /* TowListModel.swift */ = {isa = PBXFileReference; lastKnownFileType = sourcecode.swift; path = TowListModel.swift; sourceTree = "<group>"; };
		3DB7236828C6C4B600503802 /* MainMapVM.swift */ = {isa = PBXFileReference; lastKnownFileType = sourcecode.swift; path = MainMapVM.swift; sourceTree = "<group>"; };
		3DE9B5ED288829BC00FDC9A2 /* GoogleService-Info.plist */ = {isa = PBXFileReference; fileEncoding = 4; lastKnownFileType = text.plist.xml; path = "GoogleService-Info.plist"; sourceTree = "<group>"; };
		3DEDC0F3287FE8E80051FAA0 /* NameConfirmationPopUpVC.swift */ = {isa = PBXFileReference; lastKnownFileType = sourcecode.swift; path = NameConfirmationPopUpVC.swift; sourceTree = "<group>"; };
		3DEDC0F5288029F90051FAA0 /* ResendCodePopUpVC.swift */ = {isa = PBXFileReference; lastKnownFileType = sourcecode.swift; path = ResendCodePopUpVC.swift; sourceTree = "<group>"; };
		3DEDC0F7288043610051FAA0 /* WelcomeVC.swift */ = {isa = PBXFileReference; lastKnownFileType = sourcecode.swift; path = WelcomeVC.swift; sourceTree = "<group>"; };
		3DEDC0F9288044E70051FAA0 /* EnterDetailVM.swift */ = {isa = PBXFileReference; lastKnownFileType = sourcecode.swift; path = EnterDetailVM.swift; sourceTree = "<group>"; };
		7A9E83E5C11D2ECDCC748606 /* Pods_Towy.framework */ = {isa = PBXFileReference; explicitFileType = wrapper.framework; includeInIndex = 0; path = Pods_Towy.framework; sourceTree = BUILT_PRODUCTS_DIR; };
		9161166AB4061C9CBAA74C52 /* Pods-Towy.release.xcconfig */ = {isa = PBXFileReference; includeInIndex = 1; lastKnownFileType = text.xcconfig; name = "Pods-Towy.release.xcconfig"; path = "Target Support Files/Pods-Towy/Pods-Towy.release.xcconfig"; sourceTree = "<group>"; };
		B14A20478E0A0B8C72F8A2B2 /* Pods-Towy.debug.xcconfig */ = {isa = PBXFileReference; includeInIndex = 1; lastKnownFileType = text.xcconfig; name = "Pods-Towy.debug.xcconfig"; path = "Target Support Files/Pods-Towy/Pods-Towy.debug.xcconfig"; sourceTree = "<group>"; };
		CE23215E28B531DE00041CEC /* selectLocationVC.swift */ = {isa = PBXFileReference; lastKnownFileType = sourcecode.swift; name = selectLocationVC.swift; path = Towy/Controller/Maps/SelectLocation/selectLocationVC.swift; sourceTree = SOURCE_ROOT; };
		CE7CA17A28A6E2A100F96152 /* WalletVC.swift */ = {isa = PBXFileReference; lastKnownFileType = sourcecode.swift; path = WalletVC.swift; sourceTree = "<group>"; };
		CE8123102896B2BF0042B1D6 /* LocationVC.swift */ = {isa = PBXFileReference; lastKnownFileType = sourcecode.swift; path = LocationVC.swift; sourceTree = "<group>"; };
		CE81FB952890620200D60649 /* HomeVC.swift */ = {isa = PBXFileReference; lastKnownFileType = sourcecode.swift; path = HomeVC.swift; sourceTree = "<group>"; };
		CE81FB972890621A00D60649 /* AccountVC.swift */ = {isa = PBXFileReference; lastKnownFileType = sourcecode.swift; path = AccountVC.swift; sourceTree = "<group>"; };
		CE89018128A522D0004D9BAB /* PaymentVC.swift */ = {isa = PBXFileReference; lastKnownFileType = sourcecode.swift; path = PaymentVC.swift; sourceTree = "<group>"; };
		CE9CE39528A7B53200866884 /* TowListTableViewCell.swift */ = {isa = PBXFileReference; lastKnownFileType = sourcecode.swift; path = TowListTableViewCell.swift; sourceTree = "<group>"; };
		CE9CE39628A7B53200866884 /* TowListTableViewCell.xib */ = {isa = PBXFileReference; lastKnownFileType = file.xib; path = TowListTableViewCell.xib; sourceTree = "<group>"; };
		CE9CE39928A7B91500866884 /* ProfileModel.swift */ = {isa = PBXFileReference; lastKnownFileType = sourcecode.swift; path = ProfileModel.swift; sourceTree = "<group>"; };
		CE9CE39B28A7B95900866884 /* EditAccountVM.swift */ = {isa = PBXFileReference; lastKnownFileType = sourcecode.swift; path = EditAccountVM.swift; sourceTree = "<group>"; };
/* End PBXFileReference section */

/* Begin PBXFrameworksBuildPhase section */
		3D59817D28607ADA0034AB47 /* Frameworks */ = {
			isa = PBXFrameworksBuildPhase;
			buildActionMask = 2147483647;
			files = (
				0D24CFADE4CDBE5DC97AC78D /* Pods_Towy.framework in Frameworks */,
			);
			runOnlyForDeploymentPostprocessing = 0;
		};
/* End PBXFrameworksBuildPhase section */

/* Begin PBXGroup section */
		3D0649612893BEE800720F69 /* UserSignIn */ = {
			isa = PBXGroup;
			children = (
				3D8635F4287839B7005BE92E /* EnterEmail */,
				3D2A6383287595CD007F7E29 /* Login */,
				3D2A6384287595F0007F7E29 /* EnterOTP */,
				3D2A638628759614007F7E29 /* EnterDetail */,
				3D2A6385287595FF007F7E29 /* EnterPassword */,
				3D8635F728783DC2005BE92E /* Term&Condition */,
			);
			path = UserSignIn;
			sourceTree = "<group>";
		};
		3D0649622893EC4200720F69 /* CustomView */ = {
			isa = PBXGroup;
			children = (
				3D06496A2893F2AE00720F69 /* UITableViewCell */,
				3D0649692893F2A200720F69 /* UICollectionViewCell */,
				3D0649632893EEFB00720F69 /* PhotoSliderView.swift */,
				3D0649672893EF3F00720F69 /* PhotoSliderView.xib */,
			);
			path = CustomView;
			sourceTree = "<group>";
		};
		3D0649692893F2A200720F69 /* UICollectionViewCell */ = {
			isa = PBXGroup;
			children = (
				3D06496B2893F2F900720F69 /* DashboardCVCell.swift */,
				3D06496C2893F2F900720F69 /* DashboardCVCell.xib */,
				3D4B1167289A53530034FEF8 /* NewDashBoardCVCell.swift */,
				3D4B1168289A53530034FEF8 /* NewDashBoardCVCell.xib */,
			);
			path = UICollectionViewCell;
			sourceTree = "<group>";
		};
		3D06496A2893F2AE00720F69 /* UITableViewCell */ = {
			isa = PBXGroup;
			children = (
				3D2AE71E28C7596D001B8254 /* ReceiverTableViewCell.swift */,
				3D2AE71F28C7596E001B8254 /* ReceiverTableViewCell.xib */,
				3D2AE72028C7596E001B8254 /* SenderTableViewCell.swift */,
				3D2AE71D28C7596D001B8254 /* SenderTableViewCell.xib */,
				3D06497228940B5A00720F69 /* AccountTBCell.swift */,
				3DB2BCC9289493B2007D0619 /* AccountSettingTBCell.swift */,
				3DB2BCCA289493B2007D0619 /* AccountSettingTBCell.xib */,
				3DB2BCCF289497D9007D0619 /* HelpTBCell.swift */,
				3DB2BCD0289497D9007D0619 /* HelpTBCell.xib */,
				3D10AF8A28994BFE005EE541 /* PlacesTBCell.swift */,
				3D10AF8B28994BFE005EE541 /* PlacesTBCell.xib */,
				CE9CE39528A7B53200866884 /* TowListTableViewCell.swift */,
				CE9CE39628A7B53200866884 /* TowListTableViewCell.xib */,
			);
			path = UITableViewCell;
			sourceTree = "<group>";
		};
		3D06496F2893F33A00720F69 /* Home */ = {
			isa = PBXGroup;
			children = (
				CE81FB952890620200D60649 /* HomeVC.swift */,
				3D0649702893F36100720F69 /* HomeVM.swift */,
				3D892FFB28A634FE006ACA03 /* MainTabBarController.swift */,
			);
			path = Home;
			sourceTree = "<group>";
		};
		3D10AF862899442F005EE541 /* Maps */ = {
			isa = PBXGroup;
			children = (
				3DA2828928C655A800A2933F /* SelectLocation */,
				3DA2828828C655A000A2933F /* MainMap */,
				3D4B1172289A99EE0034FEF8 /* Location */,
				3D10AF8728994461005EE541 /* SearchLocation */,
			);
			path = Maps;
			sourceTree = "<group>";
		};
		3D10AF8728994461005EE541 /* SearchLocation */ = {
			isa = PBXGroup;
			children = (
				3D10AF8828994491005EE541 /* SearchLocationVC.swift */,
			);
			path = SearchLocation;
			sourceTree = "<group>";
		};
		3D10AF8E28995292005EE541 /* GoogleAPI+Helper */ = {
			isa = PBXGroup;
			children = (
				3D10AF8F289952AA005EE541 /* GoogleApiHelper.swift */,
			);
			path = "GoogleAPI+Helper";
			sourceTree = "<group>";
		};
		3D2A638028757222007F7E29 /* CustomLoader */ = {
			isa = PBXGroup;
			children = (
				3D2A638128757246007F7E29 /* CustomLoader.swift */,
			);
			path = CustomLoader;
			sourceTree = "<group>";
		};
		3D2A6383287595CD007F7E29 /* Login */ = {
			isa = PBXGroup;
			children = (
				3D5981B72860D4A00034AB47 /* LoginVM.swift */,
				3D59818728607ADA0034AB47 /* LoginVC.swift */,
			);
			path = Login;
			sourceTree = "<group>";
		};
		3D2A6384287595F0007F7E29 /* EnterOTP */ = {
			isa = PBXGroup;
			children = (
				3D5981BB2860DB7D0034AB47 /* EnterOTPVC.swift */,
				3D2A638A28759676007F7E29 /* EnterOTPVM.swift */,
			);
			path = EnterOTP;
			sourceTree = "<group>";
		};
		3D2A6385287595FF007F7E29 /* EnterPassword */ = {
			isa = PBXGroup;
			children = (
				3D5981BD2860DB900034AB47 /* EnterPasswordVC.swift */,
				3D2166792884A295005A108B /* EnterPasswordVM.swift */,
			);
			path = EnterPassword;
			sourceTree = "<group>";
		};
		3D2A638628759614007F7E29 /* EnterDetail */ = {
			isa = PBXGroup;
			children = (
				3D5981BF2860DBB40034AB47 /* EnterDetailVC.swift */,
				3DEDC0F9288044E70051FAA0 /* EnterDetailVM.swift */,
			);
			path = EnterDetail;
			sourceTree = "<group>";
		};
		3D2AE71628C732E9001B8254 /* Chat */ = {
			isa = PBXGroup;
			children = (
				3D2AE71728C732F9001B8254 /* ChatViewController.swift */,
			);
			path = Chat;
			sourceTree = "<group>";
		};
		3D318BC3286318D5002E4960 /* Roboto */ = {
			isa = PBXGroup;
			children = (
				3D59819E286087810034AB47 /* Roboto-Black.ttf */,
				3D5981A2286087810034AB47 /* Roboto-BlackItalic.ttf */,
				3D5981A1286087810034AB47 /* Roboto-Bold.ttf */,
				3D5981A0286087810034AB47 /* Roboto-BoldItalic.ttf */,
				3D59819C286087810034AB47 /* Roboto-Italic.ttf */,
				3D5981A3286087810034AB47 /* Roboto-Light.ttf */,
				3D59819D286087810034AB47 /* Roboto-LightItalic.ttf */,
				3D59819F286087810034AB47 /* Roboto-Medium.ttf */,
				3D5981A4286087810034AB47 /* Roboto-MediumItalic.ttf */,
				3D5981A5286087810034AB47 /* Roboto-Regular.ttf */,
				3D59819B286087810034AB47 /* Roboto-Thin.ttf */,
				3D59819A286087810034AB47 /* Roboto-ThinItalic.ttf */,
			);
			path = Roboto;
			sourceTree = "<group>";
		};
		3D318BC4286318E6002E4960 /* Uber */ = {
			isa = PBXGroup;
			children = (
				3D318BCB28631B62002E4960 /* UberMoveTextBold.otf */,
				3D318BC928631B62002E4960 /* UberMoveTextLight.otf */,
				3D318BCC28631B62002E4960 /* UberMoveTextMedium.otf */,
				3D318BCA28631B62002E4960 /* UberMoveTextRegular.otf */,
			);
			path = Uber;
			sourceTree = "<group>";
		};
		3D4B116D289A773D0034FEF8 /* User */ = {
			isa = PBXGroup;
			children = (
				3D4B1173289A99FC0034FEF8 /* Help */,
				3D4B116E289A77800034FEF8 /* Account */,
			);
			path = User;
			sourceTree = "<group>";
		};
		3D4B116E289A77800034FEF8 /* Account */ = {
			isa = PBXGroup;
			children = (
				CE81FB972890621A00D60649 /* AccountVC.swift */,
				3D4B116F289A77900034FEF8 /* AccountVM.swift */,
				3DB2BCCD28949545007D0619 /* EditAccountVC.swift */,
				CE9CE39B28A7B95900866884 /* EditAccountVM.swift */,
			);
			path = Account;
			sourceTree = "<group>";
		};
		3D4B1172289A99EE0034FEF8 /* Location */ = {
			isa = PBXGroup;
			children = (
				CE8123102896B2BF0042B1D6 /* LocationVC.swift */,
			);
			path = Location;
			sourceTree = "<group>";
		};
		3D4B1173289A99FC0034FEF8 /* Help */ = {
			isa = PBXGroup;
			children = (
				3DB2BCD3289498B6007D0619 /* HelpVC.swift */,
			);
			path = Help;
			sourceTree = "<group>";
		};
		3D523DA1287F5F3D0034D011 /* Welcome */ = {
			isa = PBXGroup;
			children = (
				3D523DA2287F5F750034D011 /* initialVC.swift */,
				3DEDC0F7288043610051FAA0 /* WelcomeVC.swift */,
			);
			path = Welcome;
			sourceTree = "<group>";
		};
		3D59817728607ADA0034AB47 = {
			isa = PBXGroup;
			children = (
				3D59818228607ADA0034AB47 /* Towy */,
				3D59818128607ADA0034AB47 /* Products */,
				48E59FBF8CBE301B3427FFC5 /* Pods */,
				B8F2F1C266A56D1D3285DDA7 /* Frameworks */,
			);
			sourceTree = "<group>";
		};
		3D59818128607ADA0034AB47 /* Products */ = {
			isa = PBXGroup;
			children = (
				3D59818028607ADA0034AB47 /* Towy.app */,
			);
			name = Products;
			sourceTree = "<group>";
		};
		3D59818228607ADA0034AB47 /* Towy */ = {
			isa = PBXGroup;
			children = (
				3D0CDC7C286DCB5F00F4BC2A /* Towy.entitlements */,
				3D5981C12860DCBD0034AB47 /* HelperClasses */,
				3D5981B6286092440034AB47 /* Model */,
				3D598197286087490034AB47 /* Controller */,
				3D5981B2286090E00034AB47 /* CustomClasses */,
				3D0649622893EC4200720F69 /* CustomView */,
				3D598199286087570034AB47 /* Views */,
				3D5981982860874F0034AB47 /* Font */,
				3D59818328607ADA0034AB47 /* AppDelegate.swift */,
				3D59818C28607ADB0034AB47 /* Assets.xcassets */,
				3DE9B5ED288829BC00FDC9A2 /* GoogleService-Info.plist */,
				3D59819128607ADB0034AB47 /* Info.plist */,
			);
			path = Towy;
			sourceTree = "<group>";
		};
		3D598197286087490034AB47 /* Controller */ = {
			isa = PBXGroup;
			children = (
				3D2AE71628C732E9001B8254 /* Chat */,
				CE89018028A522A9004D9BAB /* Payment */,
				3D4B116D289A773D0034FEF8 /* User */,
				3D10AF862899442F005EE541 /* Maps */,
				3D06496F2893F33A00720F69 /* Home */,
				3D0649612893BEE800720F69 /* UserSignIn */,
				3DEDC0F2287FE8AF0051FAA0 /* PopUp */,
				3D523DA1287F5F3D0034D011 /* Welcome */,
			);
			path = Controller;
			sourceTree = "<group>";
		};
		3D5981982860874F0034AB47 /* Font */ = {
			isa = PBXGroup;
			children = (
				3D318BC4286318E6002E4960 /* Uber */,
				3D318BC3286318D5002E4960 /* Roboto */,
			);
			path = Font;
			sourceTree = "<group>";
		};
		3D598199286087570034AB47 /* Views */ = {
			isa = PBXGroup;
			children = (
				3D59818928607ADA0034AB47 /* Main.storyboard */,
				3D318BD128633113002E4960 /* Maps.storyboard */,
				3D59818E28607ADB0034AB47 /* LaunchScreen.storyboard */,
			);
			path = Views;
			sourceTree = "<group>";
		};
		3D5981B2286090E00034AB47 /* CustomClasses */ = {
			isa = PBXGroup;
			children = (
				3D5981B3286090FB0034AB47 /* AnimationView.swift */,
				3D318BD5286335B8002E4960 /* CustomLabel.swift */,
				3D318BD7286341C0002E4960 /* CustomButton.swift */,
			);
			path = CustomClasses;
			sourceTree = "<group>";
		};
		3D5981B6286092440034AB47 /* Model */ = {
			isa = PBXGroup;
			children = (
				3DACB6A3287450E90003E87A /* LoginModel.swift */,
				3D7D912E28A6C0DA0089D4F8 /* LoginUserModel.swift */,
				3D21667B2884A89C005A108B /* RegisterModel.swift */,
				3D21667D288567DE005A108B /* SocialUserModel.swift */,
				3D4B116B289A77000034FEF8 /* AccountModel.swift */,
				CE9CE39928A7B91500866884 /* ProfileModel.swift */,
				3DA2828C28C669D200A2933F /* DashboardModel.swift */,
				3DA2828E28C685D800A2933F /* NearestDriverModel.swift */,
				3DB7236628C6C3CD00503802 /* TowListModel.swift */,
				3D2AE70E28C719F6001B8254 /* StripeModel.swift */,
				3D2AE71028C721FD001B8254 /* BookingCreatedModel.swift */,
				3D2AE71228C72FF3001B8254 /* NewRideModel.swift */,
				3D2AE71428C73093001B8254 /* NotificationsModel.swift */,
				3D2AE71928C73345001B8254 /* ChatModel.swift */,
			);
			path = Model;
			sourceTree = "<group>";
		};
		3D5981C12860DCBD0034AB47 /* HelperClasses */ = {
			isa = PBXGroup;
			children = (
				3D10AF8E28995292005EE541 /* GoogleAPI+Helper */,
				3D2A638028757222007F7E29 /* CustomLoader */,
				3DACB6A52874816B0003E87A /* Constants */,
				3DACB6A02874427C0003E87A /* NetworkServices */,
				3DB3F4FE286A1D9500A21FC2 /* InternetReachabiility */,
				3D5981C22860DD140034AB47 /* UtilitiesManager.swift */,
				3D5981C62860E4B40034AB47 /* ControllerNavigation.swift */,
				3D5981C42860E1060034AB47 /* AllExtensions.swift */,
				3DB569E32861AEB900391001 /* Enums.swift */,
				3DB3F4FC286A1CFE00A21FC2 /* BaseVM.swift */,
			);
			path = HelperClasses;
			sourceTree = "<group>";
		};
		3D8635F4287839B7005BE92E /* EnterEmail */ = {
			isa = PBXGroup;
			children = (
				3D8635F5287839D3005BE92E /* EnterEmailVC.swift */,
				3D216677288496AE005A108B /* EnterEmailVM.swift */,
			);
			path = EnterEmail;
			sourceTree = "<group>";
		};
		3D8635F728783DC2005BE92E /* Term&Condition */ = {
			isa = PBXGroup;
			children = (
				3D8635F828783DEF005BE92E /* TermAndCondtionVC.swift */,
			);
			path = "Term&Condition";
			sourceTree = "<group>";
		};
		3DA2828828C655A000A2933F /* MainMap */ = {
			isa = PBXGroup;
			children = (
				3DA2828A28C655D400A2933F /* MainMapVC.swift */,
				3DB7236828C6C4B600503802 /* MainMapVM.swift */,
			);
			path = MainMap;
			sourceTree = "<group>";
		};
		3DA2828928C655A800A2933F /* SelectLocation */ = {
			isa = PBXGroup;
			children = (
				CE23215E28B531DE00041CEC /* selectLocationVC.swift */,
			);
			path = SelectLocation;
			sourceTree = "<group>";
		};
		3DACB6A02874427C0003E87A /* NetworkServices */ = {
			isa = PBXGroup;
			children = (
				3DACB6A1287442920003E87A /* NetworkCall.swift */,
			);
			path = NetworkServices;
			sourceTree = "<group>";
		};
		3DACB6A52874816B0003E87A /* Constants */ = {
			isa = PBXGroup;
			children = (
				3D318BD3286331D3002E4960 /* Constans.swift */,
				3DACB6A6287481820003E87A /* URLConstants.swift */,
			);
			path = Constants;
			sourceTree = "<group>";
		};
		3DB3F4FE286A1D9500A21FC2 /* InternetReachabiility */ = {
			isa = PBXGroup;
			children = (
				3DB3F4FF286A1DAB00A21FC2 /* AIReachabilityManager.swift */,
			);
			path = InternetReachabiility;
			sourceTree = "<group>";
		};
		3DEDC0F2287FE8AF0051FAA0 /* PopUp */ = {
			isa = PBXGroup;
			children = (
				3DEDC0F3287FE8E80051FAA0 /* NameConfirmationPopUpVC.swift */,
				3DEDC0F5288029F90051FAA0 /* ResendCodePopUpVC.swift */,
			);
			path = PopUp;
			sourceTree = "<group>";
		};
		48E59FBF8CBE301B3427FFC5 /* Pods */ = {
			isa = PBXGroup;
			children = (
				B14A20478E0A0B8C72F8A2B2 /* Pods-Towy.debug.xcconfig */,
				9161166AB4061C9CBAA74C52 /* Pods-Towy.release.xcconfig */,
			);
			path = Pods;
			sourceTree = "<group>";
		};
		B8F2F1C266A56D1D3285DDA7 /* Frameworks */ = {
			isa = PBXGroup;
			children = (
				7A9E83E5C11D2ECDCC748606 /* Pods_Towy.framework */,
			);
			name = Frameworks;
			sourceTree = "<group>";
		};
		CE89018028A522A9004D9BAB /* Payment */ = {
			isa = PBXGroup;
			children = (
				CE89018128A522D0004D9BAB /* PaymentVC.swift */,
				CE7CA17A28A6E2A100F96152 /* WalletVC.swift */,
			);
			path = Payment;
			sourceTree = "<group>";
		};
/* End PBXGroup section */

/* Begin PBXNativeTarget section */
		3D59817F28607ADA0034AB47 /* Towy */ = {
			isa = PBXNativeTarget;
			buildConfigurationList = 3D59819428607ADB0034AB47 /* Build configuration list for PBXNativeTarget "Towy" */;
			buildPhases = (
				E19B9BDAAE702CA80C10C10D /* [CP] Check Pods Manifest.lock */,
				3D59817C28607ADA0034AB47 /* Sources */,
				3D59817D28607ADA0034AB47 /* Frameworks */,
				3D59817E28607ADA0034AB47 /* Resources */,
				31E411CFD9708EDBBC60DF23 /* [CP] Embed Pods Frameworks */,
				608A91D4E7CD5FC252C51AA8 /* [CP] Copy Pods Resources */,
			);
			buildRules = (
			);
			dependencies = (
			);
			name = Towy;
			productName = Towy;
			productReference = 3D59818028607ADA0034AB47 /* Towy.app */;
			productType = "com.apple.product-type.application";
		};
/* End PBXNativeTarget section */

/* Begin PBXProject section */
		3D59817828607ADA0034AB47 /* Project object */ = {
			isa = PBXProject;
			attributes = {
				BuildIndependentTargetsInParallel = 1;
				LastSwiftUpdateCheck = 1300;
				LastUpgradeCheck = 1300;
				TargetAttributes = {
					3D59817F28607ADA0034AB47 = {
						CreatedOnToolsVersion = 13.0;
					};
				};
			};
			buildConfigurationList = 3D59817B28607ADA0034AB47 /* Build configuration list for PBXProject "Towy" */;
			compatibilityVersion = "Xcode 13.0";
			developmentRegion = en;
			hasScannedForEncodings = 0;
			knownRegions = (
				en,
				Base,
			);
			mainGroup = 3D59817728607ADA0034AB47;
			productRefGroup = 3D59818128607ADA0034AB47 /* Products */;
			projectDirPath = "";
			projectRoot = "";
			targets = (
				3D59817F28607ADA0034AB47 /* Towy */,
			);
		};
/* End PBXProject section */

/* Begin PBXResourcesBuildPhase section */
		3D59817E28607ADA0034AB47 /* Resources */ = {
			isa = PBXResourcesBuildPhase;
			buildActionMask = 2147483647;
			files = (
				3D2AE72328C7596E001B8254 /* ReceiverTableViewCell.xib in Resources */,
				3D5981A6286087810034AB47 /* Roboto-ThinItalic.ttf in Resources */,
				3D5981A8286087810034AB47 /* Roboto-Italic.ttf in Resources */,
				CE9CE39828A7B53200866884 /* TowListTableViewCell.xib in Resources */,
				3DB2BCCC289493B2007D0619 /* AccountSettingTBCell.xib in Resources */,
				3D0649682893EF3F00720F69 /* PhotoSliderView.xib in Resources */,
				3D5981A9286087810034AB47 /* Roboto-LightItalic.ttf in Resources */,
				3D5981AA286087810034AB47 /* Roboto-Black.ttf in Resources */,
				3D5981B0286087810034AB47 /* Roboto-MediumItalic.ttf in Resources */,
				3D10AF8D28994BFE005EE541 /* PlacesTBCell.xib in Resources */,
				3D2AE72128C7596E001B8254 /* SenderTableViewCell.xib in Resources */,
				3D5981AD286087810034AB47 /* Roboto-Bold.ttf in Resources */,
				3D318BD228633113002E4960 /* Maps.storyboard in Resources */,
				3D06496E2893F2F900720F69 /* DashboardCVCell.xib in Resources */,
				3D59819028607ADB0034AB47 /* LaunchScreen.storyboard in Resources */,
				3D59818D28607ADB0034AB47 /* Assets.xcassets in Resources */,
				3D5981AE286087810034AB47 /* Roboto-BlackItalic.ttf in Resources */,
				3D318BD928638C30002E4960 /* UberMoveTextBold.otf in Resources */,
				3D5981A7286087810034AB47 /* Roboto-Thin.ttf in Resources */,
				3D5981AF286087810034AB47 /* Roboto-Light.ttf in Resources */,
				3D59818B28607ADA0034AB47 /* Main.storyboard in Resources */,
				3D4B116A289A53530034FEF8 /* NewDashBoardCVCell.xib in Resources */,
				3D5981B1286087810034AB47 /* Roboto-Regular.ttf in Resources */,
				3D318BCE28631B62002E4960 /* UberMoveTextRegular.otf in Resources */,
				3D5981AC286087810034AB47 /* Roboto-BoldItalic.ttf in Resources */,
				3D318BCD28631B62002E4960 /* UberMoveTextLight.otf in Resources */,
				3D5981AB286087810034AB47 /* Roboto-Medium.ttf in Resources */,
				3D318BD028631B62002E4960 /* UberMoveTextMedium.otf in Resources */,
				3DE9B5EE288829BD00FDC9A2 /* GoogleService-Info.plist in Resources */,
				3DB2BCD2289497D9007D0619 /* HelpTBCell.xib in Resources */,
			);
			runOnlyForDeploymentPostprocessing = 0;
		};
/* End PBXResourcesBuildPhase section */

/* Begin PBXShellScriptBuildPhase section */
		31E411CFD9708EDBBC60DF23 /* [CP] Embed Pods Frameworks */ = {
			isa = PBXShellScriptBuildPhase;
			buildActionMask = 2147483647;
			files = (
			);
			inputFileListPaths = (
				"${PODS_ROOT}/Target Support Files/Pods-Towy/Pods-Towy-frameworks-${CONFIGURATION}-input-files.xcfilelist",
			);
			name = "[CP] Embed Pods Frameworks";
			outputFileListPaths = (
				"${PODS_ROOT}/Target Support Files/Pods-Towy/Pods-Towy-frameworks-${CONFIGURATION}-output-files.xcfilelist",
			);
			runOnlyForDeploymentPostprocessing = 0;
			shellPath = /bin/sh;
			shellScript = "\"${PODS_ROOT}/Target Support Files/Pods-Towy/Pods-Towy-frameworks.sh\"\n";
			showEnvVarsInLog = 0;
		};
		608A91D4E7CD5FC252C51AA8 /* [CP] Copy Pods Resources */ = {
			isa = PBXShellScriptBuildPhase;
			buildActionMask = 2147483647;
			files = (
			);
			inputFileListPaths = (
				"${PODS_ROOT}/Target Support Files/Pods-Towy/Pods-Towy-resources-${CONFIGURATION}-input-files.xcfilelist",
			);
			name = "[CP] Copy Pods Resources";
			outputFileListPaths = (
				"${PODS_ROOT}/Target Support Files/Pods-Towy/Pods-Towy-resources-${CONFIGURATION}-output-files.xcfilelist",
			);
			runOnlyForDeploymentPostprocessing = 0;
			shellPath = /bin/sh;
			shellScript = "\"${PODS_ROOT}/Target Support Files/Pods-Towy/Pods-Towy-resources.sh\"\n";
			showEnvVarsInLog = 0;
		};
		E19B9BDAAE702CA80C10C10D /* [CP] Check Pods Manifest.lock */ = {
			isa = PBXShellScriptBuildPhase;
			buildActionMask = 2147483647;
			files = (
			);
			inputFileListPaths = (
			);
			inputPaths = (
				"${PODS_PODFILE_DIR_PATH}/Podfile.lock",
				"${PODS_ROOT}/Manifest.lock",
			);
			name = "[CP] Check Pods Manifest.lock";
			outputFileListPaths = (
			);
			outputPaths = (
				"$(DERIVED_FILE_DIR)/Pods-Towy-checkManifestLockResult.txt",
			);
			runOnlyForDeploymentPostprocessing = 0;
			shellPath = /bin/sh;
			shellScript = "diff \"${PODS_PODFILE_DIR_PATH}/Podfile.lock\" \"${PODS_ROOT}/Manifest.lock\" > /dev/null\nif [ $? != 0 ] ; then\n    # print error to STDERR\n    echo \"error: The sandbox is not in sync with the Podfile.lock. Run 'pod install' or update your CocoaPods installation.\" >&2\n    exit 1\nfi\n# This output is used by Xcode 'outputs' to avoid re-running this script phase.\necho \"SUCCESS\" > \"${SCRIPT_OUTPUT_FILE_0}\"\n";
			showEnvVarsInLog = 0;
		};
/* End PBXShellScriptBuildPhase section */

/* Begin PBXSourcesBuildPhase section */
		3D59817C28607ADA0034AB47 /* Sources */ = {
			isa = PBXSourcesBuildPhase;
			buildActionMask = 2147483647;
			files = (
				3D8635F928783DEF005BE92E /* TermAndCondtionVC.swift in Sources */,
				3D10AF8928994491005EE541 /* SearchLocationVC.swift in Sources */,
				3D892FFC28A634FE006ACA03 /* MainTabBarController.swift in Sources */,
				3DB2BCCB289493B2007D0619 /* AccountSettingTBCell.swift in Sources */,
				3D06496D2893F2F900720F69 /* DashboardCVCell.swift in Sources */,
				3D5981C02860DBB40034AB47 /* EnterDetailVC.swift in Sources */,
				3DA2828F28C685D800A2933F /* NearestDriverModel.swift in Sources */,
				3DACB6A4287450E90003E87A /* LoginModel.swift in Sources */,
				3DEDC0F4287FE8E80051FAA0 /* NameConfirmationPopUpVC.swift in Sources */,
				3D21667C2884A89C005A108B /* RegisterModel.swift in Sources */,
				3D0649712893F36100720F69 /* HomeVM.swift in Sources */,
				CE23215F28B531DE00041CEC /* selectLocationVC.swift in Sources */,
				3D21667A2884A295005A108B /* EnterPasswordVM.swift in Sources */,
				3D5981B82860D4A00034AB47 /* LoginVM.swift in Sources */,
				3D2A638228757246007F7E29 /* CustomLoader.swift in Sources */,
				3DACB6A7287481820003E87A /* URLConstants.swift in Sources */,
				CE81FB962890620200D60649 /* HomeVC.swift in Sources */,
				3D318BD6286335B8002E4960 /* CustomLabel.swift in Sources */,
				3D5981C52860E1060034AB47 /* AllExtensions.swift in Sources */,
				3DB2BCD4289498B6007D0619 /* HelpVC.swift in Sources */,
				3DB3F500286A1DAB00A21FC2 /* AIReachabilityManager.swift in Sources */,
				3DEDC0FA288044E70051FAA0 /* EnterDetailVM.swift in Sources */,
				3D2A638B28759676007F7E29 /* EnterOTPVM.swift in Sources */,
				3DB2BCCE28949545007D0619 /* EditAccountVC.swift in Sources */,
				3D5981BE2860DB900034AB47 /* EnterPasswordVC.swift in Sources */,
				3D59818828607ADA0034AB47 /* LoginVC.swift in Sources */,
				3D318BD4286331D3002E4960 /* Constans.swift in Sources */,
				CE9CE39A28A7B91500866884 /* ProfileModel.swift in Sources */,
				3DB7236728C6C3CE00503802 /* TowListModel.swift in Sources */,
				3D10AF8C28994BFE005EE541 /* PlacesTBCell.swift in Sources */,
				3D5981B4286090FB0034AB47 /* AnimationView.swift in Sources */,
				3DB2BCD1289497D9007D0619 /* HelpTBCell.swift in Sources */,
				3D523DA3287F5F760034D011 /* initialVC.swift in Sources */,
				3D216678288496AE005A108B /* EnterEmailVM.swift in Sources */,
				3D2AE71328C72FF3001B8254 /* NewRideModel.swift in Sources */,
				3DA2828B28C655D400A2933F /* MainMapVC.swift in Sources */,
				3D5981C32860DD140034AB47 /* UtilitiesManager.swift in Sources */,
				3D59818428607ADA0034AB47 /* AppDelegate.swift in Sources */,
				3D2AE72428C7596E001B8254 /* SenderTableViewCell.swift in Sources */,
				3D10AF90289952AA005EE541 /* GoogleApiHelper.swift in Sources */,
				3D2AE71128C721FE001B8254 /* BookingCreatedModel.swift in Sources */,
				3D7D912F28A6C0DA0089D4F8 /* LoginUserModel.swift in Sources */,
				3DACB6A2287442920003E87A /* NetworkCall.swift in Sources */,
				CE9CE39C28A7B95900866884 /* EditAccountVM.swift in Sources */,
				CE89018228A522D0004D9BAB /* PaymentVC.swift in Sources */,
				3D2AE71828C732F9001B8254 /* ChatViewController.swift in Sources */,
				3DEDC0F8288043610051FAA0 /* WelcomeVC.swift in Sources */,
				3DB3F4FD286A1CFE00A21FC2 /* BaseVM.swift in Sources */,
				3D5981C72860E4B40034AB47 /* ControllerNavigation.swift in Sources */,
				3D8635F6287839D3005BE92E /* EnterEmailVC.swift in Sources */,
				3DB7236928C6C4B600503802 /* MainMapVM.swift in Sources */,
				3D0649642893EEFB00720F69 /* PhotoSliderView.swift in Sources */,
				3D21667E288567DE005A108B /* SocialUserModel.swift in Sources */,
				3D2AE72228C7596E001B8254 /* ReceiverTableViewCell.swift in Sources */,
				3DB569E42861AEB900391001 /* Enums.swift in Sources */,
				CE7CA17B28A6E2A100F96152 /* WalletVC.swift in Sources */,
				3D5981BC2860DB7D0034AB47 /* EnterOTPVC.swift in Sources */,
				3D2AE71A28C73345001B8254 /* ChatModel.swift in Sources */,
				3D2AE71528C73093001B8254 /* NotificationsModel.swift in Sources */,
				3D4B1170289A77900034FEF8 /* AccountVM.swift in Sources */,
				CE9CE39728A7B53200866884 /* TowListTableViewCell.swift in Sources */,
				3D2AE70F28C719F7001B8254 /* StripeModel.swift in Sources */,
				3DA2828D28C669D200A2933F /* DashboardModel.swift in Sources */,
				3D318BD8286341C0002E4960 /* CustomButton.swift in Sources */,
				CE81FB982890621A00D60649 /* AccountVC.swift in Sources */,
				3D4B116C289A77000034FEF8 /* AccountModel.swift in Sources */,
				3DEDC0F6288029F90051FAA0 /* ResendCodePopUpVC.swift in Sources */,
				3D4B1169289A53530034FEF8 /* NewDashBoardCVCell.swift in Sources */,
				3D06497328940B5A00720F69 /* AccountTBCell.swift in Sources */,
				CE8123112896B2BF0042B1D6 /* LocationVC.swift in Sources */,
			);
			runOnlyForDeploymentPostprocessing = 0;
		};
/* End PBXSourcesBuildPhase section */

/* Begin PBXVariantGroup section */
		3D59818928607ADA0034AB47 /* Main.storyboard */ = {
			isa = PBXVariantGroup;
			children = (
				3D59818A28607ADA0034AB47 /* Base */,
			);
			name = Main.storyboard;
			sourceTree = "<group>";
		};
		3D59818E28607ADB0034AB47 /* LaunchScreen.storyboard */ = {
			isa = PBXVariantGroup;
			children = (
				3D59818F28607ADB0034AB47 /* Base */,
			);
			name = LaunchScreen.storyboard;
			sourceTree = "<group>";
		};
/* End PBXVariantGroup section */

/* Begin XCBuildConfiguration section */
		3D59819228607ADB0034AB47 /* Debug */ = {
			isa = XCBuildConfiguration;
			buildSettings = {
				ALWAYS_SEARCH_USER_PATHS = NO;
				CLANG_ANALYZER_NONNULL = YES;
				CLANG_ANALYZER_NUMBER_OBJECT_CONVERSION = YES_AGGRESSIVE;
				CLANG_CXX_LANGUAGE_STANDARD = "gnu++17";
				CLANG_CXX_LIBRARY = "libc++";
				CLANG_ENABLE_MODULES = YES;
				CLANG_ENABLE_OBJC_ARC = YES;
				CLANG_ENABLE_OBJC_WEAK = YES;
				CLANG_WARN_BLOCK_CAPTURE_AUTORELEASING = YES;
				CLANG_WARN_BOOL_CONVERSION = YES;
				CLANG_WARN_COMMA = YES;
				CLANG_WARN_CONSTANT_CONVERSION = YES;
				CLANG_WARN_DEPRECATED_OBJC_IMPLEMENTATIONS = YES;
				CLANG_WARN_DIRECT_OBJC_ISA_USAGE = YES_ERROR;
				CLANG_WARN_DOCUMENTATION_COMMENTS = YES;
				CLANG_WARN_EMPTY_BODY = YES;
				CLANG_WARN_ENUM_CONVERSION = YES;
				CLANG_WARN_INFINITE_RECURSION = YES;
				CLANG_WARN_INT_CONVERSION = YES;
				CLANG_WARN_NON_LITERAL_NULL_CONVERSION = YES;
				CLANG_WARN_OBJC_IMPLICIT_RETAIN_SELF = YES;
				CLANG_WARN_OBJC_LITERAL_CONVERSION = YES;
				CLANG_WARN_OBJC_ROOT_CLASS = YES_ERROR;
				CLANG_WARN_QUOTED_INCLUDE_IN_FRAMEWORK_HEADER = YES;
				CLANG_WARN_RANGE_LOOP_ANALYSIS = YES;
				CLANG_WARN_STRICT_PROTOTYPES = YES;
				CLANG_WARN_SUSPICIOUS_MOVE = YES;
				CLANG_WARN_UNGUARDED_AVAILABILITY = YES_AGGRESSIVE;
				CLANG_WARN_UNREACHABLE_CODE = YES;
				CLANG_WARN__DUPLICATE_METHOD_MATCH = YES;
				COPY_PHASE_STRIP = NO;
				DEBUG_INFORMATION_FORMAT = dwarf;
				ENABLE_STRICT_OBJC_MSGSEND = YES;
				ENABLE_TESTABILITY = YES;
				GCC_C_LANGUAGE_STANDARD = gnu11;
				GCC_DYNAMIC_NO_PIC = NO;
				GCC_NO_COMMON_BLOCKS = YES;
				GCC_OPTIMIZATION_LEVEL = 0;
				GCC_PREPROCESSOR_DEFINITIONS = (
					"DEBUG=1",
					"$(inherited)",
				);
				GCC_WARN_64_TO_32_BIT_CONVERSION = YES;
				GCC_WARN_ABOUT_RETURN_TYPE = YES_ERROR;
				GCC_WARN_UNDECLARED_SELECTOR = YES;
				GCC_WARN_UNINITIALIZED_AUTOS = YES_AGGRESSIVE;
				GCC_WARN_UNUSED_FUNCTION = YES;
				GCC_WARN_UNUSED_VARIABLE = YES;
				IPHONEOS_DEPLOYMENT_TARGET = 11.0;
				MTL_ENABLE_DEBUG_INFO = INCLUDE_SOURCE;
				MTL_FAST_MATH = YES;
				ONLY_ACTIVE_ARCH = YES;
				SDKROOT = iphoneos;
				SWIFT_ACTIVE_COMPILATION_CONDITIONS = DEBUG;
				SWIFT_OPTIMIZATION_LEVEL = "-Onone";
			};
			name = Debug;
		};
		3D59819328607ADB0034AB47 /* Release */ = {
			isa = XCBuildConfiguration;
			buildSettings = {
				ALWAYS_SEARCH_USER_PATHS = NO;
				CLANG_ANALYZER_NONNULL = YES;
				CLANG_ANALYZER_NUMBER_OBJECT_CONVERSION = YES_AGGRESSIVE;
				CLANG_CXX_LANGUAGE_STANDARD = "gnu++17";
				CLANG_CXX_LIBRARY = "libc++";
				CLANG_ENABLE_MODULES = YES;
				CLANG_ENABLE_OBJC_ARC = YES;
				CLANG_ENABLE_OBJC_WEAK = YES;
				CLANG_WARN_BLOCK_CAPTURE_AUTORELEASING = YES;
				CLANG_WARN_BOOL_CONVERSION = YES;
				CLANG_WARN_COMMA = YES;
				CLANG_WARN_CONSTANT_CONVERSION = YES;
				CLANG_WARN_DEPRECATED_OBJC_IMPLEMENTATIONS = YES;
				CLANG_WARN_DIRECT_OBJC_ISA_USAGE = YES_ERROR;
				CLANG_WARN_DOCUMENTATION_COMMENTS = YES;
				CLANG_WARN_EMPTY_BODY = YES;
				CLANG_WARN_ENUM_CONVERSION = YES;
				CLANG_WARN_INFINITE_RECURSION = YES;
				CLANG_WARN_INT_CONVERSION = YES;
				CLANG_WARN_NON_LITERAL_NULL_CONVERSION = YES;
				CLANG_WARN_OBJC_IMPLICIT_RETAIN_SELF = YES;
				CLANG_WARN_OBJC_LITERAL_CONVERSION = YES;
				CLANG_WARN_OBJC_ROOT_CLASS = YES_ERROR;
				CLANG_WARN_QUOTED_INCLUDE_IN_FRAMEWORK_HEADER = YES;
				CLANG_WARN_RANGE_LOOP_ANALYSIS = YES;
				CLANG_WARN_STRICT_PROTOTYPES = YES;
				CLANG_WARN_SUSPICIOUS_MOVE = YES;
				CLANG_WARN_UNGUARDED_AVAILABILITY = YES_AGGRESSIVE;
				CLANG_WARN_UNREACHABLE_CODE = YES;
				CLANG_WARN__DUPLICATE_METHOD_MATCH = YES;
				COPY_PHASE_STRIP = NO;
				DEBUG_INFORMATION_FORMAT = "dwarf-with-dsym";
				ENABLE_NS_ASSERTIONS = NO;
				ENABLE_STRICT_OBJC_MSGSEND = YES;
				GCC_C_LANGUAGE_STANDARD = gnu11;
				GCC_NO_COMMON_BLOCKS = YES;
				GCC_WARN_64_TO_32_BIT_CONVERSION = YES;
				GCC_WARN_ABOUT_RETURN_TYPE = YES_ERROR;
				GCC_WARN_UNDECLARED_SELECTOR = YES;
				GCC_WARN_UNINITIALIZED_AUTOS = YES_AGGRESSIVE;
				GCC_WARN_UNUSED_FUNCTION = YES;
				GCC_WARN_UNUSED_VARIABLE = YES;
				IPHONEOS_DEPLOYMENT_TARGET = 11.0;
				MTL_ENABLE_DEBUG_INFO = NO;
				MTL_FAST_MATH = YES;
				SDKROOT = iphoneos;
				SWIFT_COMPILATION_MODE = wholemodule;
				SWIFT_OPTIMIZATION_LEVEL = "-O";
				VALIDATE_PRODUCT = YES;
			};
			name = Release;
		};
		3D59819528607ADB0034AB47 /* Debug */ = {
			isa = XCBuildConfiguration;
			baseConfigurationReference = B14A20478E0A0B8C72F8A2B2 /* Pods-Towy.debug.xcconfig */;
			buildSettings = {
				ASSETCATALOG_COMPILER_APPICON_NAME = AppIcon;
				ASSETCATALOG_COMPILER_GLOBAL_ACCENT_COLOR_NAME = AccentColor;
				CODE_SIGN_ENTITLEMENTS = Towy/Towy.entitlements;
				CODE_SIGN_STYLE = Automatic;
				CURRENT_PROJECT_VERSION = 1;
				DEVELOPMENT_TEAM = 4769DJ9MMA;
				GENERATE_INFOPLIST_FILE = YES;
				INFOPLIST_FILE = Towy/Info.plist;
				INFOPLIST_KEY_NSLocationWhenInUseUsageDescription = "Allow Towy to find your location  so user can easily find nearby tow ";
				INFOPLIST_KEY_UIApplicationSupportsIndirectInputEvents = YES;
				INFOPLIST_KEY_UILaunchStoryboardName = LaunchScreen;
				INFOPLIST_KEY_UIMainStoryboardFile = Main;
				INFOPLIST_KEY_UISupportedInterfaceOrientations_iPad = "UIInterfaceOrientationPortrait UIInterfaceOrientationPortraitUpsideDown UIInterfaceOrientationLandscapeLeft UIInterfaceOrientationLandscapeRight";
				INFOPLIST_KEY_UISupportedInterfaceOrientations_iPhone = "UIInterfaceOrientationPortrait UIInterfaceOrientationLandscapeLeft UIInterfaceOrientationLandscapeRight";
				IPHONEOS_DEPLOYMENT_TARGET = 11.0;
				LD_RUNPATH_SEARCH_PATHS = (
					"$(inherited)",
					"@executable_path/Frameworks",
				);
				MARKETING_VERSION = 1.0;
				PRODUCT_BUNDLE_IDENTIFIER = com.developer.Towy;
				PRODUCT_NAME = "$(TARGET_NAME)";
				SWIFT_EMIT_LOC_STRINGS = YES;
				SWIFT_VERSION = 5.0;
				TARGETED_DEVICE_FAMILY = 1;
			};
			name = Debug;
		};
		3D59819628607ADB0034AB47 /* Release */ = {
			isa = XCBuildConfiguration;
			baseConfigurationReference = 9161166AB4061C9CBAA74C52 /* Pods-Towy.release.xcconfig */;
			buildSettings = {
				ASSETCATALOG_COMPILER_APPICON_NAME = AppIcon;
				ASSETCATALOG_COMPILER_GLOBAL_ACCENT_COLOR_NAME = AccentColor;
				CODE_SIGN_ENTITLEMENTS = Towy/Towy.entitlements;
				CODE_SIGN_STYLE = Automatic;
				CURRENT_PROJECT_VERSION = 1;
				DEVELOPMENT_TEAM = 4769DJ9MMA;
				GENERATE_INFOPLIST_FILE = YES;
				INFOPLIST_FILE = Towy/Info.plist;
				INFOPLIST_KEY_NSLocationWhenInUseUsageDescription = "Allow Towy to find your location  so user can easily find nearby tow ";
				INFOPLIST_KEY_UIApplicationSupportsIndirectInputEvents = YES;
				INFOPLIST_KEY_UILaunchStoryboardName = LaunchScreen;
				INFOPLIST_KEY_UIMainStoryboardFile = Main;
				INFOPLIST_KEY_UISupportedInterfaceOrientations_iPad = "UIInterfaceOrientationPortrait UIInterfaceOrientationPortraitUpsideDown UIInterfaceOrientationLandscapeLeft UIInterfaceOrientationLandscapeRight";
				INFOPLIST_KEY_UISupportedInterfaceOrientations_iPhone = "UIInterfaceOrientationPortrait UIInterfaceOrientationLandscapeLeft UIInterfaceOrientationLandscapeRight";
				IPHONEOS_DEPLOYMENT_TARGET = 11.0;
				LD_RUNPATH_SEARCH_PATHS = (
					"$(inherited)",
					"@executable_path/Frameworks",
				);
				MARKETING_VERSION = 1.0;
				PRODUCT_BUNDLE_IDENTIFIER = com.developer.Towy;
				PRODUCT_NAME = "$(TARGET_NAME)";
				SWIFT_EMIT_LOC_STRINGS = YES;
				SWIFT_VERSION = 5.0;
				TARGETED_DEVICE_FAMILY = 1;
			};
			name = Release;
		};
/* End XCBuildConfiguration section */

/* Begin XCConfigurationList section */
		3D59817B28607ADA0034AB47 /* Build configuration list for PBXProject "Towy" */ = {
			isa = XCConfigurationList;
			buildConfigurations = (
				3D59819228607ADB0034AB47 /* Debug */,
				3D59819328607ADB0034AB47 /* Release */,
			);
			defaultConfigurationIsVisible = 0;
			defaultConfigurationName = Release;
		};
		3D59819428607ADB0034AB47 /* Build configuration list for PBXNativeTarget "Towy" */ = {
			isa = XCConfigurationList;
			buildConfigurations = (
				3D59819528607ADB0034AB47 /* Debug */,
				3D59819628607ADB0034AB47 /* Release */,
			);
			defaultConfigurationIsVisible = 0;
			defaultConfigurationName = Release;
		};
/* End XCConfigurationList section */
	};
	rootObject = 3D59817828607ADA0034AB47 /* Project object */;
}
